// !$*UTF8*$!
{
	archiveVersion = 1;
	classes = {
	};
	objectVersion = 46;
	objects = {

/* Begin PBXBuildFile section */
		E9F2B8BA1F6BD82F001AB1BC /* AppDelegate.swift in Sources */ = {isa = PBXBuildFile; fileRef = E9F2B8B91F6BD82F001AB1BC /* AppDelegate.swift */; };
		E9F2B8BC1F6BD82F001AB1BC /* ViewController.swift in Sources */ = {isa = PBXBuildFile; fileRef = E9F2B8BB1F6BD82F001AB1BC /* ViewController.swift */; };
		E9F2B8BF1F6BD82F001AB1BC /* Main.storyboard in Resources */ = {isa = PBXBuildFile; fileRef = E9F2B8BD1F6BD82F001AB1BC /* Main.storyboard */; };
		E9F2B8C11F6BD82F001AB1BC /* Assets.xcassets in Resources */ = {isa = PBXBuildFile; fileRef = E9F2B8C01F6BD82F001AB1BC /* Assets.xcassets */; };
		E9F2B8C41F6BD82F001AB1BC /* LaunchScreen.storyboard in Resources */ = {isa = PBXBuildFile; fileRef = E9F2B8C21F6BD82F001AB1BC /* LaunchScreen.storyboard */; };
		E9F2B8CF1F6BD82F001AB1BC /* MapAndNoteTryTests.swift in Sources */ = {isa = PBXBuildFile; fileRef = E9F2B8CE1F6BD82F001AB1BC /* MapAndNoteTryTests.swift */; };
		E9F2B8DA1F6BD82F001AB1BC /* MapAndNoteTryUITests.swift in Sources */ = {isa = PBXBuildFile; fileRef = E9F2B8D91F6BD82F001AB1BC /* MapAndNoteTryUITests.swift */; };
		E9F2B8E81F6BD96E001AB1BC /* TableViewController.swift in Sources */ = {isa = PBXBuildFile; fileRef = E9F2B8E71F6BD96E001AB1BC /* TableViewController.swift */; };
		E9F2B8EB1F6C0744001AB1BC /* CoreLocation.framework in Frameworks */ = {isa = PBXBuildFile; fileRef = E9F2B8EA1F6C0744001AB1BC /* CoreLocation.framework */; };
/* End PBXBuildFile section */

/* Begin PBXContainerItemProxy section */
		E9F2B8CB1F6BD82F001AB1BC /* PBXContainerItemProxy */ = {
			isa = PBXContainerItemProxy;
			containerPortal = E9F2B8AE1F6BD82F001AB1BC /* Project object */;
			proxyType = 1;
			remoteGlobalIDString = E9F2B8B51F6BD82F001AB1BC;
			remoteInfo = MapAndNoteTry;
		};
		E9F2B8D61F6BD82F001AB1BC /* PBXContainerItemProxy */ = {
			isa = PBXContainerItemProxy;
			containerPortal = E9F2B8AE1F6BD82F001AB1BC /* Project object */;
			proxyType = 1;
			remoteGlobalIDString = E9F2B8B51F6BD82F001AB1BC;
			remoteInfo = MapAndNoteTry;
		};
/* End PBXContainerItemProxy section */

/* Begin PBXFileReference section */
		E9F2B8B61F6BD82F001AB1BC /* MapAndNoteTry.app */ = {isa = PBXFileReference; explicitFileType = wrapper.application; includeInIndex = 0; path = MapAndNoteTry.app; sourceTree = BUILT_PRODUCTS_DIR; };
		E9F2B8B91F6BD82F001AB1BC /* AppDelegate.swift */ = {isa = PBXFileReference; lastKnownFileType = sourcecode.swift; path = AppDelegate.swift; sourceTree = "<group>"; };
		E9F2B8BB1F6BD82F001AB1BC /* ViewController.swift */ = {isa = PBXFileReference; lastKnownFileType = sourcecode.swift; path = ViewController.swift; sourceTree = "<group>"; };
		E9F2B8BE1F6BD82F001AB1BC /* Base */ = {isa = PBXFileReference; lastKnownFileType = file.storyboard; name = Base; path = Base.lproj/Main.storyboard; sourceTree = "<group>"; };
		E9F2B8C01F6BD82F001AB1BC /* Assets.xcassets */ = {isa = PBXFileReference; lastKnownFileType = folder.assetcatalog; path = Assets.xcassets; sourceTree = "<group>"; };
		E9F2B8C31F6BD82F001AB1BC /* Base */ = {isa = PBXFileReference; lastKnownFileType = file.storyboard; name = Base; path = Base.lproj/LaunchScreen.storyboard; sourceTree = "<group>"; };
		E9F2B8C51F6BD82F001AB1BC /* Info.plist */ = {isa = PBXFileReference; lastKnownFileType = text.plist.xml; path = Info.plist; sourceTree = "<group>"; };
		E9F2B8CA1F6BD82F001AB1BC /* MapAndNoteTryTests.xctest */ = {isa = PBXFileReference; explicitFileType = wrapper.cfbundle; includeInIndex = 0; path = MapAndNoteTryTests.xctest; sourceTree = BUILT_PRODUCTS_DIR; };
		E9F2B8CE1F6BD82F001AB1BC /* MapAndNoteTryTests.swift */ = {isa = PBXFileReference; lastKnownFileType = sourcecode.swift; path = MapAndNoteTryTests.swift; sourceTree = "<group>"; };
		E9F2B8D01F6BD82F001AB1BC /* Info.plist */ = {isa = PBXFileReference; lastKnownFileType = text.plist.xml; path = Info.plist; sourceTree = "<group>"; };
		E9F2B8D51F6BD82F001AB1BC /* MapAndNoteTryUITests.xctest */ = {isa = PBXFileReference; explicitFileType = wrapper.cfbundle; includeInIndex = 0; path = MapAndNoteTryUITests.xctest; sourceTree = BUILT_PRODUCTS_DIR; };
		E9F2B8D91F6BD82F001AB1BC /* MapAndNoteTryUITests.swift */ = {isa = PBXFileReference; lastKnownFileType = sourcecode.swift; path = MapAndNoteTryUITests.swift; sourceTree = "<group>"; };
		E9F2B8DB1F6BD82F001AB1BC /* Info.plist */ = {isa = PBXFileReference; lastKnownFileType = text.plist.xml; path = Info.plist; sourceTree = "<group>"; };
		E9F2B8E71F6BD96E001AB1BC /* TableViewController.swift */ = {isa = PBXFileReference; fileEncoding = 4; lastKnownFileType = sourcecode.swift; path = TableViewController.swift; sourceTree = "<group>"; };
		E9F2B8EA1F6C0744001AB1BC /* CoreLocation.framework */ = {isa = PBXFileReference; lastKnownFileType = wrapper.framework; name = CoreLocation.framework; path = System/Library/Frameworks/CoreLocation.framework; sourceTree = SDKROOT; };
/* End PBXFileReference section */

/* Begin PBXFrameworksBuildPhase section */
		E9F2B8B31F6BD82F001AB1BC /* Frameworks */ = {
			isa = PBXFrameworksBuildPhase;
			buildActionMask = 2147483647;
			files = (
				E9F2B8EB1F6C0744001AB1BC /* CoreLocation.framework in Frameworks */,
			);
			runOnlyForDeploymentPostprocessing = 0;
		};
		E9F2B8C71F6BD82F001AB1BC /* Frameworks */ = {
			isa = PBXFrameworksBuildPhase;
			buildActionMask = 2147483647;
			files = (
			);
			runOnlyForDeploymentPostprocessing = 0;
		};
		E9F2B8D21F6BD82F001AB1BC /* Frameworks */ = {
			isa = PBXFrameworksBuildPhase;
			buildActionMask = 2147483647;
			files = (
			);
			runOnlyForDeploymentPostprocessing = 0;
		};
/* End PBXFrameworksBuildPhase section */

/* Begin PBXGroup section */
		E9F2B8AD1F6BD82F001AB1BC = {
			isa = PBXGroup;
			children = (
				E9F2B8B81F6BD82F001AB1BC /* MapAndNoteTry */,
				E9F2B8CD1F6BD82F001AB1BC /* MapAndNoteTryTests */,
				E9F2B8D81F6BD82F001AB1BC /* MapAndNoteTryUITests */,
				E9F2B8B71F6BD82F001AB1BC /* Products */,
				E9F2B8E91F6C0744001AB1BC /* Frameworks */,
			);
			sourceTree = "<group>";
		};
		E9F2B8B71F6BD82F001AB1BC /* Products */ = {
			isa = PBXGroup;
			children = (
				E9F2B8B61F6BD82F001AB1BC /* MapAndNoteTry.app */,
				E9F2B8CA1F6BD82F001AB1BC /* MapAndNoteTryTests.xctest */,
				E9F2B8D51F6BD82F001AB1BC /* MapAndNoteTryUITests.xctest */,
			);
			name = Products;
			sourceTree = "<group>";
		};
		E9F2B8B81F6BD82F001AB1BC /* MapAndNoteTry */ = {
			isa = PBXGroup;
			children = (
				E9F2B8B91F6BD82F001AB1BC /* AppDelegate.swift */,
				E9F2B8BB1F6BD82F001AB1BC /* ViewController.swift */,
				E9F2B8BD1F6BD82F001AB1BC /* Main.storyboard */,
				E9F2B8E71F6BD96E001AB1BC /* TableViewController.swift */,
				E9F2B8C01F6BD82F001AB1BC /* Assets.xcassets */,
				E9F2B8C21F6BD82F001AB1BC /* LaunchScreen.storyboard */,
				E9F2B8C51F6BD82F001AB1BC /* Info.plist */,
			);
			path = MapAndNoteTry;
			sourceTree = "<group>";
		};
		E9F2B8CD1F6BD82F001AB1BC /* MapAndNoteTryTests */ = {
			isa = PBXGroup;
			children = (
				E9F2B8CE1F6BD82F001AB1BC /* MapAndNoteTryTests.swift */,
				E9F2B8D01F6BD82F001AB1BC /* Info.plist */,
			);
			path = MapAndNoteTryTests;
			sourceTree = "<group>";
		};
		E9F2B8D81F6BD82F001AB1BC /* MapAndNoteTryUITests */ = {
			isa = PBXGroup;
			children = (
				E9F2B8D91F6BD82F001AB1BC /* MapAndNoteTryUITests.swift */,
				E9F2B8DB1F6BD82F001AB1BC /* Info.plist */,
			);
			path = MapAndNoteTryUITests;
			sourceTree = "<group>";
		};
		E9F2B8E91F6C0744001AB1BC /* Frameworks */ = {
			isa = PBXGroup;
			children = (
				E9F2B8EA1F6C0744001AB1BC /* CoreLocation.framework */,
			);
			name = Frameworks;
			sourceTree = "<group>";
		};
/* End PBXGroup section */

/* Begin PBXNativeTarget section */
		E9F2B8B51F6BD82F001AB1BC /* MapAndNoteTry */ = {
			isa = PBXNativeTarget;
			buildConfigurationList = E9F2B8DE1F6BD82F001AB1BC /* Build configuration list for PBXNativeTarget "MapAndNoteTry" */;
			buildPhases = (
				E9F2B8B21F6BD82F001AB1BC /* Sources */,
				E9F2B8B31F6BD82F001AB1BC /* Frameworks */,
				E9F2B8B41F6BD82F001AB1BC /* Resources */,
			);
			buildRules = (
			);
			dependencies = (
			);
			name = MapAndNoteTry;
			productName = MapAndNoteTry;
			productReference = E9F2B8B61F6BD82F001AB1BC /* MapAndNoteTry.app */;
			productType = "com.apple.product-type.application";
		};
		E9F2B8C91F6BD82F001AB1BC /* MapAndNoteTryTests */ = {
			isa = PBXNativeTarget;
			buildConfigurationList = E9F2B8E11F6BD82F001AB1BC /* Build configuration list for PBXNativeTarget "MapAndNoteTryTests" */;
			buildPhases = (
				E9F2B8C61F6BD82F001AB1BC /* Sources */,
				E9F2B8C71F6BD82F001AB1BC /* Frameworks */,
				E9F2B8C81F6BD82F001AB1BC /* Resources */,
			);
			buildRules = (
			);
			dependencies = (
				E9F2B8CC1F6BD82F001AB1BC /* PBXTargetDependency */,
			);
			name = MapAndNoteTryTests;
			productName = MapAndNoteTryTests;
			productReference = E9F2B8CA1F6BD82F001AB1BC /* MapAndNoteTryTests.xctest */;
			productType = "com.apple.product-type.bundle.unit-test";
		};
		E9F2B8D41F6BD82F001AB1BC /* MapAndNoteTryUITests */ = {
			isa = PBXNativeTarget;
			buildConfigurationList = E9F2B8E41F6BD82F001AB1BC /* Build configuration list for PBXNativeTarget "MapAndNoteTryUITests" */;
			buildPhases = (
				E9F2B8D11F6BD82F001AB1BC /* Sources */,
				E9F2B8D21F6BD82F001AB1BC /* Frameworks */,
				E9F2B8D31F6BD82F001AB1BC /* Resources */,
			);
			buildRules = (
			);
			dependencies = (
				E9F2B8D71F6BD82F001AB1BC /* PBXTargetDependency */,
			);
			name = MapAndNoteTryUITests;
			productName = MapAndNoteTryUITests;
			productReference = E9F2B8D51F6BD82F001AB1BC /* MapAndNoteTryUITests.xctest */;
			productType = "com.apple.product-type.bundle.ui-testing";
		};
/* End PBXNativeTarget section */

/* Begin PBXProject section */
		E9F2B8AE1F6BD82F001AB1BC /* Project object */ = {
			isa = PBXProject;
			attributes = {
				LastSwiftUpdateCheck = 0830;
				LastUpgradeCheck = 0830;
				ORGANIZATIONNAME = "Ganzorig Battur";
				TargetAttributes = {
					E9F2B8B51F6BD82F001AB1BC = {
						CreatedOnToolsVersion = 8.3.3;
						ProvisioningStyle = Automatic;
					};
					E9F2B8C91F6BD82F001AB1BC = {
						CreatedOnToolsVersion = 8.3.3;
						ProvisioningStyle = Automatic;
						TestTargetID = E9F2B8B51F6BD82F001AB1BC;
					};
					E9F2B8D41F6BD82F001AB1BC = {
						CreatedOnToolsVersion = 8.3.3;
						ProvisioningStyle = Automatic;
						TestTargetID = E9F2B8B51F6BD82F001AB1BC;
					};
				};
			};
			buildConfigurationList = E9F2B8B11F6BD82F001AB1BC /* Build configuration list for PBXProject "MapAndNoteTry" */;
			compatibilityVersion = "Xcode 3.2";
			developmentRegion = English;
			hasScannedForEncodings = 0;
			knownRegions = (
				en,
				Base,
			);
			mainGroup = E9F2B8AD1F6BD82F001AB1BC;
			productRefGroup = E9F2B8B71F6BD82F001AB1BC /* Products */;
			projectDirPath = "";
			projectRoot = "";
			targets = (
				E9F2B8B51F6BD82F001AB1BC /* MapAndNoteTry */,
				E9F2B8C91F6BD82F001AB1BC /* MapAndNoteTryTests */,
				E9F2B8D41F6BD82F001AB1BC /* MapAndNoteTryUITests */,
			);
		};
/* End PBXProject section */

/* Begin PBXResourcesBuildPhase section */
		E9F2B8B41F6BD82F001AB1BC /* Resources */ = {
			isa = PBXResourcesBuildPhase;
			buildActionMask = 2147483647;
			files = (
				E9F2B8C41F6BD82F001AB1BC /* LaunchScreen.storyboard in Resources */,
				E9F2B8C11F6BD82F001AB1BC /* Assets.xcassets in Resources */,
				E9F2B8BF1F6BD82F001AB1BC /* Main.storyboard in Resources */,
			);
			runOnlyForDeploymentPostprocessing = 0;
		};
		E9F2B8C81F6BD82F001AB1BC /* Resources */ = {
			isa = PBXResourcesBuildPhase;
			buildActionMask = 2147483647;
			files = (
			);
			runOnlyForDeploymentPostprocessing = 0;
		};
		E9F2B8D31F6BD82F001AB1BC /* Resources */ = {
			isa = PBXResourcesBuildPhase;
			buildActionMask = 2147483647;
			files = (
			);
			runOnlyForDeploymentPostprocessing = 0;
		};
/* End PBXResourcesBuildPhase section */

/* Begin PBXSourcesBuildPhase section */
		E9F2B8B21F6BD82F001AB1BC /* Sources */ = {
			isa = PBXSourcesBuildPhase;
			buildActionMask = 2147483647;
			files = (
				E9F2B8BC1F6BD82F001AB1BC /* ViewController.swift in Sources */,
				E9F2B8E81F6BD96E001AB1BC /* TableViewController.swift in Sources */,
				E9F2B8BA1F6BD82F001AB1BC /* AppDelegate.swift in Sources */,
			);
			runOnlyForDeploymentPostprocessing = 0;
		};
		E9F2B8C61F6BD82F001AB1BC /* Sources */ = {
			isa = PBXSourcesBuildPhase;
			buildActionMask = 2147483647;
			files = (
				E9F2B8CF1F6BD82F001AB1BC /* MapAndNoteTryTests.swift in Sources */,
			);
			runOnlyForDeploymentPostprocessing = 0;
		};
		E9F2B8D11F6BD82F001AB1BC /* Sources */ = {
			isa = PBXSourcesBuildPhase;
			buildActionMask = 2147483647;
			files = (
				E9F2B8DA1F6BD82F001AB1BC /* MapAndNoteTryUITests.swift in Sources */,
			);
			runOnlyForDeploymentPostprocessing = 0;
		};
/* End PBXSourcesBuildPhase section */

/* Begin PBXTargetDependency section */
		E9F2B8CC1F6BD82F001AB1BC /* PBXTargetDependency */ = {
			isa = PBXTargetDependency;
			target = E9F2B8B51F6BD82F001AB1BC /* MapAndNoteTry */;
			targetProxy = E9F2B8CB1F6BD82F001AB1BC /* PBXContainerItemProxy */;
		};
		E9F2B8D71F6BD82F001AB1BC /* PBXTargetDependency */ = {
			isa = PBXTargetDependency;
			target = E9F2B8B51F6BD82F001AB1BC /* MapAndNoteTry */;
			targetProxy = E9F2B8D61F6BD82F001AB1BC /* PBXContainerItemProxy */;
		};
/* End PBXTargetDependency section */

/* Begin PBXVariantGroup section */
		E9F2B8BD1F6BD82F001AB1BC /* Main.storyboard */ = {
			isa = PBXVariantGroup;
			children = (
				E9F2B8BE1F6BD82F001AB1BC /* Base */,
			);
			name = Main.storyboard;
			sourceTree = "<group>";
		};
		E9F2B8C21F6BD82F001AB1BC /* LaunchScreen.storyboard */ = {
			isa = PBXVariantGroup;
			children = (
				E9F2B8C31F6BD82F001AB1BC /* Base */,
			);
			name = LaunchScreen.storyboard;
			sourceTree = "<group>";
		};
/* End PBXVariantGroup section */

/* Begin XCBuildConfiguration section */
		E9F2B8DC1F6BD82F001AB1BC /* Debug */ = {
			isa = XCBuildConfiguration;
			buildSettings = {
				ALWAYS_SEARCH_USER_PATHS = NO;
				CLANG_ANALYZER_NONNULL = YES;
				CLANG_ANALYZER_NUMBER_OBJECT_CONVERSION = YES_AGGRESSIVE;
				CLANG_CXX_LANGUAGE_STANDARD = "gnu++0x";
				CLANG_CXX_LIBRARY = "libc++";
				CLANG_ENABLE_MODULES = YES;
				CLANG_ENABLE_OBJC_ARC = YES;
				CLANG_WARN_BOOL_CONVERSION = YES;
				CLANG_WARN_CONSTANT_CONVERSION = YES;
				CLANG_WARN_DIRECT_OBJC_ISA_USAGE = YES_ERROR;
				CLANG_WARN_DOCUMENTATION_COMMENTS = YES;
				CLANG_WARN_EMPTY_BODY = YES;
				CLANG_WARN_ENUM_CONVERSION = YES;
				CLANG_WARN_INFINITE_RECURSION = YES;
				CLANG_WARN_INT_CONVERSION = YES;
				CLANG_WARN_OBJC_ROOT_CLASS = YES_ERROR;
				CLANG_WARN_SUSPICIOUS_MOVE = YES;
				CLANG_WARN_UNREACHABLE_CODE = YES;
				CLANG_WARN__DUPLICATE_METHOD_MATCH = YES;
				"CODE_SIGN_IDENTITY[sdk=iphoneos*]" = "iPhone Developer";
				COPY_PHASE_STRIP = NO;
				DEBUG_INFORMATION_FORMAT = dwarf;
				ENABLE_STRICT_OBJC_MSGSEND = YES;
				ENABLE_TESTABILITY = YES;
				GCC_C_LANGUAGE_STANDARD = gnu99;
				GCC_DYNAMIC_NO_PIC = NO;
				GCC_NO_COMMON_BLOCKS = YES;
				GCC_OPTIMIZATION_LEVEL = 0;
				GCC_PREPROCESSOR_DEFINITIONS = (
					"DEBUG=1",
					"$(inherited)",
				);
				GCC_WARN_64_TO_32_BIT_CONVERSION = YES;
				GCC_WARN_ABOUT_RETURN_TYPE = YES_ERROR;
				GCC_WARN_UNDECLARED_SELECTOR = YES;
				GCC_WARN_UNINITIALIZED_AUTOS = YES_AGGRESSIVE;
				GCC_WARN_UNUSED_FUNCTION = YES;
				GCC_WARN_UNUSED_VARIABLE = YES;
				IPHONEOS_DEPLOYMENT_TARGET = 10.3;
				MTL_ENABLE_DEBUG_INFO = YES;
				ONLY_ACTIVE_ARCH = YES;
				SDKROOT = iphoneos;
				SWIFT_ACTIVE_COMPILATION_CONDITIONS = DEBUG;
				SWIFT_OPTIMIZATION_LEVEL = "-Onone";
				TARGETED_DEVICE_FAMILY = "1,2";
			};
			name = Debug;
		};
		E9F2B8DD1F6BD82F001AB1BC /* Release */ = {
			isa = XCBuildConfiguration;
			buildSettings = {
				ALWAYS_SEARCH_USER_PATHS = NO;
				CLANG_ANALYZER_NONNULL = YES;
				CLANG_ANALYZER_NUMBER_OBJECT_CONVERSION = YES_AGGRESSIVE;
				CLANG_CXX_LANGUAGE_STANDARD = "gnu++0x";
				CLANG_CXX_LIBRARY = "libc++";
				CLANG_ENABLE_MODULES = YES;
				CLANG_ENABLE_OBJC_ARC = YES;
				CLANG_WARN_BOOL_CONVERSION = YES;
				CLANG_WARN_CONSTANT_CONVERSION = YES;
				CLANG_WARN_DIRECT_OBJC_ISA_USAGE = YES_ERROR;
				CLANG_WARN_DOCUMENTATION_COMMENTS = YES;
				CLANG_WARN_EMPTY_BODY = YES;
				CLANG_WARN_ENUM_CONVERSION = YES;
				CLANG_WARN_INFINITE_RECURSION = YES;
				CLANG_WARN_INT_CONVERSION = YES;
				CLANG_WARN_OBJC_ROOT_CLASS = YES_ERROR;
				CLANG_WARN_SUSPICIOUS_MOVE = YES;
				CLANG_WARN_UNREACHABLE_CODE = YES;
				CLANG_WARN__DUPLICATE_METHOD_MATCH = YES;
				"CODE_SIGN_IDENTITY[sdk=iphoneos*]" = "iPhone Developer";
				COPY_PHASE_STRIP = NO;
				DEBUG_INFORMATION_FORMAT = "dwarf-with-dsym";
				ENABLE_NS_ASSERTIONS = NO;
				ENABLE_STRICT_OBJC_MSGSEND = YES;
				GCC_C_LANGUAGE_STANDARD = gnu99;
				GCC_NO_COMMON_BLOCKS = YES;
				GCC_WARN_64_TO_32_BIT_CONVERSION = YES;
				GCC_WARN_ABOUT_RETURN_TYPE = YES_ERROR;
				GCC_WARN_UNDECLARED_SELECTOR = YES;
				GCC_WARN_UNINITIALIZED_AUTOS = YES_AGGRESSIVE;
				GCC_WARN_UNUSED_FUNCTION = YES;
				GCC_WARN_UNUSED_VARIABLE = YES;
				IPHONEOS_DEPLOYMENT_TARGET = 10.3;
				MTL_ENABLE_DEBUG_INFO = NO;
				SDKROOT = iphoneos;
				SWIFT_OPTIMIZATION_LEVEL = "-Owholemodule";
				TARGETED_DEVICE_FAMILY = "1,2";
				VALIDATE_PRODUCT = YES;
			};
			name = Release;
		};
		E9F2B8DF1F6BD82F001AB1BC /* Debug */ = {
			isa = XCBuildConfiguration;
			buildSettings = {
				ASSETCATALOG_COMPILER_APPICON_NAME = AppIcon;
				INFOPLIST_FILE = MapAndNoteTry/Info.plist;
				LD_RUNPATH_SEARCH_PATHS = "$(inherited) @executable_path/Frameworks";
				PRODUCT_BUNDLE_IDENTIFIER = ganzorigbattur.MapAndNoteTry;
				PRODUCT_NAME = "$(TARGET_NAME)";
				SWIFT_VERSION = 3.0;
			};
			name = Debug;
		};
		E9F2B8E01F6BD82F001AB1BC /* Release */ = {
			isa = XCBuildConfiguration;
			buildSettings = {
				ASSETCATALOG_COMPILER_APPICON_NAME = AppIcon;
				INFOPLIST_FILE = MapAndNoteTry/Info.plist;
				LD_RUNPATH_SEARCH_PATHS = "$(inherited) @executable_path/Frameworks";
				PRODUCT_BUNDLE_IDENTIFIER = ganzorigbattur.MapAndNoteTry;
				PRODUCT_NAME = "$(TARGET_NAME)";
				SWIFT_VERSION = 3.0;
			};
			name = Release;
		};
		E9F2B8E21F6BD82F001AB1BC /* Debug */ = {
			isa = XCBuildConfiguration;
			buildSettings = {
				ALWAYS_EMBED_SWIFT_STANDARD_LIBRARIES = YES;
				BUNDLE_LOADER = "$(TEST_HOST)";
				INFOPLIST_FILE = MapAndNoteTryTests/Info.plist;
				LD_RUNPATH_SEARCH_PATHS = "$(inherited) @executable_path/Frameworks @loader_path/Frameworks";
				PRODUCT_BUNDLE_IDENTIFIER = ganzorigbattur.MapAndNoteTryTests;
				PRODUCT_NAME = "$(TARGET_NAME)";
				SWIFT_VERSION = 3.0;
				TEST_HOST = "$(BUILT_PRODUCTS_DIR)/MapAndNoteTry.app/MapAndNoteTry";
			};
			name = Debug;
		};
		E9F2B8E31F6BD82F001AB1BC /* Release */ = {
			isa = XCBuildConfiguration;
			buildSettings = {
				ALWAYS_EMBED_SWIFT_STANDARD_LIBRARIES = YES;
				BUNDLE_LOADER = "$(TEST_HOST)";
				INFOPLIST_FILE = MapAndNoteTryTests/Info.plist;
				LD_RUNPATH_SEARCH_PATHS = "$(inherited) @executable_path/Frameworks @loader_path/Frameworks";
				PRODUCT_BUNDLE_IDENTIFIER = ganzorigbattur.MapAndNoteTryTests;
				PRODUCT_NAME = "$(TARGET_NAME)";
				SWIFT_VERSION = 3.0;
				TEST_HOST = "$(BUILT_PRODUCTS_DIR)/MapAndNoteTry.app/MapAndNoteTry";
			};
			name = Release;
		};
		E9F2B8E51F6BD82F001AB1BC /* Debug */ = {
			isa = XCBuildConfiguration;
			buildSettings = {
				ALWAYS_EMBED_SWIFT_STANDARD_LIBRARIES = YES;
				INFOPLIST_FILE = MapAndNoteTryUITests/Info.plist;
				LD_RUNPATH_SEARCH_PATHS = "$(inherited) @executable_path/Frameworks @loader_path/Frameworks";
				PRODUCT_BUNDLE_IDENTIFIER = ganzorigbattur.MapAndNoteTryUITests;
				PRODUCT_NAME = "$(TARGET_NAME)";
				SWIFT_VERSION = 3.0;
				TEST_TARGET_NAME = MapAndNoteTry;
			};
			name = Debug;
		};
		E9F2B8E61F6BD82F001AB1BC /* Release */ = {
			isa = XCBuildConfiguration;
			buildSettings = {
				ALWAYS_EMBED_SWIFT_STANDARD_LIBRARIES = YES;
				INFOPLIST_FILE = MapAndNoteTryUITests/Info.plist;
				LD_RUNPATH_SEARCH_PATHS = "$(inherited) @executable_path/Frameworks @loader_path/Frameworks";
				PRODUCT_BUNDLE_IDENTIFIER = ganzorigbattur.MapAndNoteTryUITests;
				PRODUCT_NAME = "$(TARGET_NAME)";
				SWIFT_VERSION = 3.0;
				TEST_TARGET_NAME = MapAndNoteTry;
			};
			name = Release;
		};
/* End XCBuildConfiguration section */

/* Begin XCConfigurationList section */
		E9F2B8B11F6BD82F001AB1BC /* Build configuration list for PBXProject "MapAndNoteTry" */ = {
			isa = XCConfigurationList;
			buildConfigurations = (
				E9F2B8DC1F6BD82F001AB1BC /* Debug */,
				E9F2B8DD1F6BD82F001AB1BC /* Release */,
			);
			defaultConfigurationIsVisible = 0;
			defaultConfigurationName = Release;
		};
		E9F2B8DE1F6BD82F001AB1BC /* Build configuration list for PBXNativeTarget "MapAndNoteTry" */ = {
			isa = XCConfigurationList;
			buildConfigurations = (
				E9F2B8DF1F6BD82F001AB1BC /* Debug */,
				E9F2B8E01F6BD82F001AB1BC /* Release */,
			);
			defaultConfigurationIsVisible = 0;
		};
		E9F2B8E11F6BD82F001AB1BC /* Build configuration list for PBXNativeTarget "MapAndNoteTryTests" */ = {
			isa = XCConfigurationList;
			buildConfigurations = (
				E9F2B8E21F6BD82F001AB1BC /* Debug */,
				E9F2B8E31F6BD82F001AB1BC /* Release */,
			);
			defaultConfigurationIsVisible = 0;
		};
		E9F2B8E41F6BD82F001AB1BC /* Build configuration list for PBXNativeTarget "MapAndNoteTryUITests" */ = {
			isa = XCConfigurationList;
			buildConfigurations = (
				E9F2B8E51F6BD82F001AB1BC /* Debug */,
				E9F2B8E61F6BD82F001AB1BC /* Release */,
			);
			defaultConfigurationIsVisible = 0;
		};
/* End XCConfigurationList section */
	};
	rootObject = E9F2B8AE1F6BD82F001AB1BC /* Project object */;
}
